
Microsoft Visual Studio Solution File, Format Version 12.00
# Visual Studio Version 16
VisualStudioVersion = 16.0.29403.142
MinimumVisualStudioVersion = 10.0.40219.1
Project("{FAE04EC0-301F-11D3-BF4B-00C04F79EFBC}") = "ManageProject", "ManageProject.csproj", "{EC88FA10-EFBD-46C5-8493-C378E7829FBF}"
EndProject
Global
	GlobalSection(SolutionConfigurationPlatforms) = preSolution
		Debug|Any CPU = Debug|Any CPU
		Release|Any CPU = Release|Any CPU
	EndGlobalSection
	GlobalSection(ProjectConfigurationPlatforms) = postSolution
		{EC88FA10-EFBD-46C5-8493-C378E7829FBF}.Debug|Any CPU.ActiveCfg = Debug|Any CPU
		{EC88FA10-EFBD-46C5-8493-C378E7829FBF}.Debug|Any CPU.Build.0 = Debug|Any CPU
		{EC88FA10-EFBD-46C5-8493-C378E7829FBF}.Release|Any CPU.ActiveCfg = Release|Any CPU
		{EC88FA10-EFBD-46C5-8493-C378E7829FBF}.Release|Any CPU.Build.0 = Release|Any CPU
	EndGlobalSection
	GlobalSection(SolutionProperties) = preSolution
		HideSolutionNode = FALSE
	EndGlobalSection
	GlobalSection(ExtensibilityGlobals) = postSolution
		SolutionGuid = {AA1C2574-E37E-42A7-B32B-BDB9F535EEA6}
	EndGlobalSection
EndGlobal
